
Microsoft Visual Studio Solution File, Format Version 10.00
# Visual C++ Express 2008
Project("{8BC9CEB8-8B4A-11D0-8D11-00A0C91BC942}") = "GlanceAsset", "..\..\GlanceEngine\GlanceAsset\IDE\MSVC9\GlanceAsset.vcproj", "{513846C0-2EDC-4D37-92B0-E7F34E2EB07B}"
EndProject
Project("{8BC9CEB8-8B4A-11D0-8D11-00A0C91BC942}") = "GlanceAudio", "..\..\GlanceEngine\GlanceAudio\IDE\MSVC9\GlanceAudio.vcproj", "{EFBF2EC1-9022-4F84-97FA-132289F4638B}"
EndProject
Project("{8BC9CEB8-8B4A-11D0-8D11-00A0C91BC942}") = "GlanceCore", "..\..\GlanceEngine\GlanceCore\IDE\MSVC9\GlanceCore.vcproj", "{98BCD5C0-3688-49CA-A18F-19C0DFAB0B81}"
EndProject
Project("{8BC9CEB8-8B4A-11D0-8D11-00A0C91BC942}") = "GlanceEntity", "..\..\GlanceEngine\GlanceEntity\IDE\MSVC9\GlanceEntity.vcproj", "{C18D5926-BCDF-4F69-8DB4-E76DCB1CBE59}"
EndProject
Project("{8BC9CEB8-8B4A-11D0-8D11-00A0C91BC942}") = "GlanceGUI", "..\..\GlanceEngine\GlanceGUI\IDE\MSVC9\GlanceGUI.vcproj", "{4F06DD80-6043-4C34-8460-25A763611316}"
EndProject
Project("{8BC9CEB8-8B4A-11D0-8D11-00A0C91BC942}") = "GlancePhysics", "..\..\GlanceEngine\GlancePhysics\IDE\MSVC9\GlancePhysics.vcproj", "{C6683F0B-702E-4965-86ED-0EDC72DD8605}"
EndProject
Project("{8BC9CEB8-8B4A-11D0-8D11-00A0C91BC942}") = "GlanceRender2D", "..\..\GlanceEngine\GlanceRender2D\IDE\MSVC9\GlanceRender2D.vcproj", "{52DAFBC0-2E39-4ECF-91A4-089EBC729541}"
EndProject
Project("{8BC9CEB8-8B4A-11D0-8D11-00A0C91BC942}") = "GlanceUtility", "..\..\GlanceEngine\GlanceUtility\IDE\MSVC9\GlanceUtility.vcproj", "{C5B66B92-0DB6-463B-88AF-9D8650FAA919}"
EndProject
Project("{8BC9CEB8-8B4A-11D0-8D11-00A0C91BC942}") = "GlanceWorld", "..\..\GlanceEngine\GlanceWorld\IDE\MSVC9\GlanceWorld.vcproj", "{353EF2FE-C431-44CB-9213-BF75C6CFDCB6}"
EndProject
Project("{8BC9CEB8-8B4A-11D0-8D11-00A0C91BC942}") = "Testbed", "..\..\GlanceTools\Testbed\IDE\MSVC9\Testbed.vcproj", "{AFB1861D-FBAB-44AC-82B3-16B4225AF19A}"
	ProjectSection(ProjectDependencies) = postProject
		{C6683F0B-702E-4965-86ED-0EDC72DD8605} = {C6683F0B-702E-4965-86ED-0EDC72DD8605}
		{C18D5926-BCDF-4F69-8DB4-E76DCB1CBE59} = {C18D5926-BCDF-4F69-8DB4-E76DCB1CBE59}
		{4F06DD80-6043-4C34-8460-25A763611316} = {4F06DD80-6043-4C34-8460-25A763611316}
		{C5B66B92-0DB6-463B-88AF-9D8650FAA919} = {C5B66B92-0DB6-463B-88AF-9D8650FAA919}
		{513846C0-2EDC-4D37-92B0-E7F34E2EB07B} = {513846C0-2EDC-4D37-92B0-E7F34E2EB07B}
		{98BCD5C0-3688-49CA-A18F-19C0DFAB0B81} = {98BCD5C0-3688-49CA-A18F-19C0DFAB0B81}
		{52DAFBC0-2E39-4ECF-91A4-089EBC729541} = {52DAFBC0-2E39-4ECF-91A4-089EBC729541}
		{EFBF2EC1-9022-4F84-97FA-132289F4638B} = {EFBF2EC1-9022-4F84-97FA-132289F4638B}
		{353EF2FE-C431-44CB-9213-BF75C6CFDCB6} = {353EF2FE-C431-44CB-9213-BF75C6CFDCB6}
	EndProjectSection
EndProject
Project("{8BC9CEB8-8B4A-11D0-8D11-00A0C91BC942}") = "Resource Editor", "..\..\GlanceTools\Resource Editor\IDE\MSVC9\Resource Editor.vcproj", "{517FFCD6-77CE-46F6-82C1-91F172AF8DC3}"
	ProjectSection(ProjectDependencies) = postProject
		{C6683F0B-702E-4965-86ED-0EDC72DD8605} = {C6683F0B-702E-4965-86ED-0EDC72DD8605}
		{C18D5926-BCDF-4F69-8DB4-E76DCB1CBE59} = {C18D5926-BCDF-4F69-8DB4-E76DCB1CBE59}
		{4F06DD80-6043-4C34-8460-25A763611316} = {4F06DD80-6043-4C34-8460-25A763611316}
		{C5B66B92-0DB6-463B-88AF-9D8650FAA919} = {C5B66B92-0DB6-463B-88AF-9D8650FAA919}
		{513846C0-2EDC-4D37-92B0-E7F34E2EB07B} = {513846C0-2EDC-4D37-92B0-E7F34E2EB07B}
		{98BCD5C0-3688-49CA-A18F-19C0DFAB0B81} = {98BCD5C0-3688-49CA-A18F-19C0DFAB0B81}
		{52DAFBC0-2E39-4ECF-91A4-089EBC729541} = {52DAFBC0-2E39-4ECF-91A4-089EBC729541}
		{EFBF2EC1-9022-4F84-97FA-132289F4638B} = {EFBF2EC1-9022-4F84-97FA-132289F4638B}
		{353EF2FE-C431-44CB-9213-BF75C6CFDCB6} = {353EF2FE-C431-44CB-9213-BF75C6CFDCB6}
	EndProjectSection
EndProject
Global
	GlobalSection(SolutionConfigurationPlatforms) = preSolution
		Debug|Win32 = Debug|Win32
		Release|Win32 = Release|Win32
	EndGlobalSection
	GlobalSection(ProjectConfigurationPlatforms) = postSolution
		{513846C0-2EDC-4D37-92B0-E7F34E2EB07B}.Debug|Win32.ActiveCfg = Debug|Win32
		{513846C0-2EDC-4D37-92B0-E7F34E2EB07B}.Debug|Win32.Build.0 = Debug|Win32
		{513846C0-2EDC-4D37-92B0-E7F34E2EB07B}.Release|Win32.ActiveCfg = Release|Win32
		{513846C0-2EDC-4D37-92B0-E7F34E2EB07B}.Release|Win32.Build.0 = Release|Win32
		{EFBF2EC1-9022-4F84-97FA-132289F4638B}.Debug|Win32.ActiveCfg = Debug|Win32
		{EFBF2EC1-9022-4F84-97FA-132289F4638B}.Debug|Win32.Build.0 = Debug|Win32
		{EFBF2EC1-9022-4F84-97FA-132289F4638B}.Release|Win32.ActiveCfg = Release|Win32
		{EFBF2EC1-9022-4F84-97FA-132289F4638B}.Release|Win32.Build.0 = Release|Win32
		{98BCD5C0-3688-49CA-A18F-19C0DFAB0B81}.Debug|Win32.ActiveCfg = Debug|Win32
		{98BCD5C0-3688-49CA-A18F-19C0DFAB0B81}.Debug|Win32.Build.0 = Debug|Win32
		{98BCD5C0-3688-49CA-A18F-19C0DFAB0B81}.Release|Win32.ActiveCfg = Release|Win32
		{98BCD5C0-3688-49CA-A18F-19C0DFAB0B81}.Release|Win32.Build.0 = Release|Win32
		{C18D5926-BCDF-4F69-8DB4-E76DCB1CBE59}.Debug|Win32.ActiveCfg = Debug|Win32
		{C18D5926-BCDF-4F69-8DB4-E76DCB1CBE59}.Debug|Win32.Build.0 = Debug|Win32
		{C18D5926-BCDF-4F69-8DB4-E76DCB1CBE59}.Release|Win32.ActiveCfg = Release|Win32
		{C18D5926-BCDF-4F69-8DB4-E76DCB1CBE59}.Release|Win32.Build.0 = Release|Win32
		{4F06DD80-6043-4C34-8460-25A763611316}.Debug|Win32.ActiveCfg = Debug|Win32
		{4F06DD80-6043-4C34-8460-25A763611316}.Debug|Win32.Build.0 = Debug|Win32
		{4F06DD80-6043-4C34-8460-25A763611316}.Release|Win32.ActiveCfg = Release|Win32
		{4F06DD80-6043-4C34-8460-25A763611316}.Release|Win32.Build.0 = Release|Win32
		{C6683F0B-702E-4965-86ED-0EDC72DD8605}.Debug|Win32.ActiveCfg = Debug|Win32
		{C6683F0B-702E-4965-86ED-0EDC72DD8605}.Debug|Win32.Build.0 = Debug|Win32
		{C6683F0B-702E-4965-86ED-0EDC72DD8605}.Release|Win32.ActiveCfg = Release|Win32
		{C6683F0B-702E-4965-86ED-0EDC72DD8605}.Release|Win32.Build.0 = Release|Win32
		{52DAFBC0-2E39-4ECF-91A4-089EBC729541}.Debug|Win32.ActiveCfg = Debug|Win32
		{52DAFBC0-2E39-4ECF-91A4-089EBC729541}.Debug|Win32.Build.0 = Debug|Win32
		{52DAFBC0-2E39-4ECF-91A4-089EBC729541}.Release|Win32.ActiveCfg = Release|Win32
		{52DAFBC0-2E39-4ECF-91A4-089EBC729541}.Release|Win32.Build.0 = Release|Win32
		{C5B66B92-0DB6-463B-88AF-9D8650FAA919}.Debug|Win32.ActiveCfg = Debug|Win32
		{C5B66B92-0DB6-463B-88AF-9D8650FAA919}.Debug|Win32.Build.0 = Debug|Win32
		{C5B66B92-0DB6-463B-88AF-9D8650FAA919}.Release|Win32.ActiveCfg = Release|Win32
		{C5B66B92-0DB6-463B-88AF-9D8650FAA919}.Release|Win32.Build.0 = Release|Win32
		{353EF2FE-C431-44CB-9213-BF75C6CFDCB6}.Debug|Win32.ActiveCfg = Debug|Win32
		{353EF2FE-C431-44CB-9213-BF75C6CFDCB6}.Debug|Win32.Build.0 = Debug|Win32
		{353EF2FE-C431-44CB-9213-BF75C6CFDCB6}.Release|Win32.ActiveCfg = Release|Win32
		{353EF2FE-C431-44CB-9213-BF75C6CFDCB6}.Release|Win32.Build.0 = Release|Win32
		{AFB1861D-FBAB-44AC-82B3-16B4225AF19A}.Debug|Win32.ActiveCfg = Debug|Win32
		{AFB1861D-FBAB-44AC-82B3-16B4225AF19A}.Debug|Win32.Build.0 = Debug|Win32
		{AFB1861D-FBAB-44AC-82B3-16B4225AF19A}.Release|Win32.ActiveCfg = Release|Win32
		{AFB1861D-FBAB-44AC-82B3-16B4225AF19A}.Release|Win32.Build.0 = Release|Win32
		{517FFCD6-77CE-46F6-82C1-91F172AF8DC3}.Debug|Win32.ActiveCfg = Debug|Win32
		{517FFCD6-77CE-46F6-82C1-91F172AF8DC3}.Debug|Win32.Build.0 = Debug|Win32
		{517FFCD6-77CE-46F6-82C1-91F172AF8DC3}.Release|Win32.ActiveCfg = Release|Win32
		{517FFCD6-77CE-46F6-82C1-91F172AF8DC3}.Release|Win32.Build.0 = Release|Win32
	EndGlobalSection
	GlobalSection(SolutionProperties) = preSolution
		HideSolutionNode = FALSE
	EndGlobalSection
EndGlobal
