<?xml version="1.0" encoding="UTF-8" standalone="yes" ?>
<CodeBlocks_project_file>
	<FileVersion major="1" minor="6" />
	<Project>
		<Option title="GlanceWorld" />
		<Option pch_mode="2" />
		<Option compiler="gcc" />
		<Build>
			<Target title="Debug">
				<Option output="../../../../Lib/GlanceWorld-d.a" prefix_auto="0" extension_auto="0" />
				<Option working_dir="" />
				<Option object_output="obj/Debug/" />
				<Option type="2" />
				<Option compiler="gcc" />
				<Option createDefFile="1" />
				<Compiler>
					<Add option="-Wall" />
					<Add option="-g" />
				</Compiler>
			</Target>
			<Target title="Release">
				<Option output="../../../../Lib/GlanceWorld.a" prefix_auto="0" extension_auto="0" />
				<Option working_dir="" />
				<Option object_output="obj/Release/" />
				<Option type="2" />
				<Option compiler="gcc" />
				<Option createDefFile="1" />
				<Compiler>
					<Add option="-Wall" />
					<Add option="-O2" />
				</Compiler>
				<Linker>
					<Add option="-s" />
				</Linker>
			</Target>
		</Build>
		<Compiler>
			<Add option="-DBUILD_LINUX" />
		</Compiler>
		<Unit filename="../../Src/Camera.cpp" />
		<Unit filename="../../Src/Camera.h" />
		<Unit filename="../../Src/Map/Map.cpp" />
		<Unit filename="../../Src/Map/Map.h" />
		<Unit filename="../../Src/Map/TileSet.cpp" />
		<Unit filename="../../Src/Map/TileSet.h" />
		<Unit filename="../../Src/World.cpp" />
		<Unit filename="../../Src/World.h" />
		<Unit filename="../../Src/WorldLoader.cpp" />
		<Unit filename="../../Src/WorldLoader.h" />
		<Extensions>
			<code_completion />
			<debugger />
		</Extensions>
	</Project>
</CodeBlocks_project_file>
