<?xml version="1.0" encoding="utf-8"?>
<Project ToolsVersion="4.0" xmlns="http://schemas.microsoft.com/developer/msbuild/2003">
  <ItemGroup>
    <ClCompile Include="..\..\Src\Main.cpp" />
  </ItemGroup>
  <ItemGroup>
    <ClInclude Include="..\..\Src\Main.h" />
    <ClInclude Include="..\..\Src\Eid.h" />
  </ItemGroup>
  <ItemGroup>
    <Text Include="..\..\History.txt" />
  </ItemGroup>
</Project>